
Microsoft Visual Studio Solution File, Format Version 12.00
# Visual Studio 14
VisualStudioVersion = 14.0.22823.1
MinimumVisualStudioVersion = 10.0.40219.1
Project("{FAE04EC0-301F-11D3-BF4B-00C04F79EFBC}") = "OriginalShirts", "OriginalShirts\OriginalShirts.csproj", "{C4152F90-3F10-4705-8C36-944788AD51A4}"
EndProject
Project("{FAE04EC0-301F-11D3-BF4B-00C04F79EFBC}") = "OriginalShirts.Dal", "OriginalShirts.Dal\OriginalShirts.Dal.csproj", "{8CE10A8D-D3B0-45E6-B8FE-5D5652F56783}"
EndProject
Global
	GlobalSection(SolutionConfigurationPlatforms) = preSolution
		Debug|Any CPU = Debug|Any CPU
		Release|Any CPU = Release|Any CPU
	EndGlobalSection
	GlobalSection(ProjectConfigurationPlatforms) = postSolution
		{C4152F90-3F10-4705-8C36-944788AD51A4}.Debug|Any CPU.ActiveCfg = Debug|Any CPU
		{C4152F90-3F10-4705-8C36-944788AD51A4}.Debug|Any CPU.Build.0 = Debug|Any CPU
		{C4152F90-3F10-4705-8C36-944788AD51A4}.Release|Any CPU.ActiveCfg = Release|Any CPU
		{C4152F90-3F10-4705-8C36-944788AD51A4}.Release|Any CPU.Build.0 = Release|Any CPU
		{8CE10A8D-D3B0-45E6-B8FE-5D5652F56783}.Debug|Any CPU.ActiveCfg = Debug|Any CPU
		{8CE10A8D-D3B0-45E6-B8FE-5D5652F56783}.Debug|Any CPU.Build.0 = Debug|Any CPU
		{8CE10A8D-D3B0-45E6-B8FE-5D5652F56783}.Release|Any CPU.ActiveCfg = Release|Any CPU
		{8CE10A8D-D3B0-45E6-B8FE-5D5652F56783}.Release|Any CPU.Build.0 = Release|Any CPU
	EndGlobalSection
	GlobalSection(SolutionProperties) = preSolution
		HideSolutionNode = FALSE
	EndGlobalSection
EndGlobal
